<?xml version="1.0" encoding="utf-8"?>
<Project ToolsVersion="4.0" xmlns="http://schemas.microsoft.com/developer/msbuild/2003">
  <ItemGroup>
    <Filter Include="Source Files">
      <UniqueIdentifier>{4FC737F1-C7A5-4376-A066-2A32D752A2FF}</UniqueIdentifier>
      <Extensions>qml;cpp;c;cc;cxx;def;odl;idl;hpj;bat;asm;asmx</Extensions>
    </Filter>
    <Filter Include="Header Files">
      <UniqueIdentifier>{93995380-89BD-4b04-88EB-625FBE52EBFB}</UniqueIdentifier>
      <Extensions>h;hh;hpp;hxx;hm;inl;inc;xsd</Extensions>
    </Filter>
    <Filter Include="Resource Files">
      <UniqueIdentifier>{67DA6AB6-F800-4c08-8B7A-83BB121AAD01}</UniqueIdentifier>
      <Extensions>qrc;rc;ico;cur;bmp;dlg;rc2;rct;bin;rgs;gif;jpg;jpeg;jpe;resx;tiff;tif;png;wav;mfcribbon-ms</Extensions>
    </Filter>
    <Filter Include="Form Files">
      <UniqueIdentifier>{99349809-55BA-4b9d-BF79-8FDBB0286EB3}</UniqueIdentifier>
      <Extensions>ui</Extensions>
    </Filter>
    <Filter Include="Translation Files">
      <UniqueIdentifier>{639EADAA-A684-42e4-A9AD-28FC9BCB8F7C}</UniqueIdentifier>
      <Extensions>ts</Extensions>
    </Filter>
    <Filter Include="Source Files\Entities">
      <UniqueIdentifier>{1546391b-d1bd-4f93-8a4c-36409d138ea7}</UniqueIdentifier>
    </Filter>
    <Filter Include="Header Files\Entities">
      <UniqueIdentifier>{af4891fa-e7b7-4287-b9c8-a0b4959b456f}</UniqueIdentifier>
    </Filter>
    <Filter Include="Source Files\Utilites">
      <UniqueIdentifier>{1ad0fc03-e432-4b3e-879f-4668f9b25c62}</UniqueIdentifier>
    </Filter>
    <Filter Include="Header Files\Utilites">
      <UniqueIdentifier>{ee409c14-113e-403d-aca2-d08fcbda7c00}</UniqueIdentifier>
    </Filter>
    <Filter Include="Resource Files\Images">
      <UniqueIdentifier>{2dcda868-f6ec-4777-9586-34ba90d163b7}</UniqueIdentifier>
    </Filter>
    <Filter Include="Resource Files\Images\Cars">
      <UniqueIdentifier>{8bcdb7b9-a414-46c6-a1b4-520a38ad225c}</UniqueIdentifier>
    </Filter>
    <Filter Include="Source Files\Entities\RoadNetwork">
      <UniqueIdentifier>{3fb2a5de-5b77-463d-9820-baab943aa84d}</UniqueIdentifier>
    </Filter>
    <Filter Include="Header Files\Entities\RoadNetwork">
      <UniqueIdentifier>{03205a4a-5c20-42fe-8650-a6ae580144e9}</UniqueIdentifier>
    </Filter>
    <Filter Include="Source Files\Entities\RoadNetwork\Nodes">
      <UniqueIdentifier>{74fa8c25-ba83-480b-8506-d1fbf1410771}</UniqueIdentifier>
    </Filter>
    <Filter Include="Header Files\Entities\RoadNetwork\Nodes">
      <UniqueIdentifier>{c644bfe5-6989-4e29-bd3b-d960569b0eb1}</UniqueIdentifier>
    </Filter>
  </ItemGroup>
  <ItemGroup>
    <ClCompile Include="Main.cpp">
      <Filter>Source Files</Filter>
    </ClCompile>
    <ClCompile Include="MapView.cpp">
      <Filter>Source Files</Filter>
    </ClCompile>
    <ClCompile Include="MainWidget.cpp">
      <Filter>Source Files</Filter>
    </ClCompile>
    <ClCompile Include="StartWidget.cpp">
      <Filter>Source Files</Filter>
    </ClCompile>
    <ClCompile Include="MapScene.cpp">
      <Filter>Source Files</Filter>
    </ClCompile>
    <ClCompile Include="Car.cpp">
      <Filter>Source Files\Entities</Filter>
    </ClCompile>
    <ClCompile Include="Path.cpp">
      <Filter>Source Files\Utilites</Filter>
    </ClCompile>
    <ClCompile Include="Road.cpp">
      <Filter>Source Files\Entities\RoadNetwork</Filter>
    </ClCompile>
    <ClCompile Include="NodalPoint.cpp">
      <Filter>Source Files\Entities\RoadNetwork\Nodes</Filter>
    </ClCompile>
    <ClCompile Include="Intersection.cpp">
      <Filter>Source Files\Entities\RoadNetwork\Nodes</Filter>
    </ClCompile>
    <ClCompile Include="GenPoint.cpp">
      <Filter>Source Files\Entities\RoadNetwork\Nodes</Filter>
    </ClCompile>
    <ClCompile Include="RoadSlot.cpp">
      <Filter>Source Files\Utilites</Filter>
    </ClCompile>
    <ClCompile Include="Lane.cpp">
      <Filter>Source Files\Entities\RoadNetwork</Filter>
    </ClCompile>
    <ClCompile Include="Controller.cpp">
      <Filter>Source Files\Utilites</Filter>
    </ClCompile>
    <ClCompile Include="RoadNetwork.cpp">
      <Filter>Source Files\Entities\RoadNetwork</Filter>
    </ClCompile>
  </ItemGroup>
  <ItemGroup>
    <QtMoc Include="MapView.h">
      <Filter>Header Files</Filter>
    </QtMoc>
    <QtMoc Include="MainWidget.h">
      <Filter>Header Files</Filter>
    </QtMoc>
    <QtMoc Include="StartWidget.h">
      <Filter>Header Files</Filter>
    </QtMoc>
    <QtMoc Include="MapScene.h">
      <Filter>Header Files</Filter>
    </QtMoc>
    <QtMoc Include="Car.h">
      <Filter>Header Files\Entities</Filter>
    </QtMoc>
  </ItemGroup>
  <ItemGroup>
    <ClInclude Include="Path.h">
      <Filter>Header Files\Utilites</Filter>
    </ClInclude>
    <ClInclude Include="resource.h">
      <Filter>Header Files</Filter>
    </ClInclude>
    <ClInclude Include="Intersection.h">
      <Filter>Header Files\Entities\RoadNetwork\Nodes</Filter>
    </ClInclude>
    <ClInclude Include="NodalPoint.h">
      <Filter>Header Files\Entities\RoadNetwork\Nodes</Filter>
    </ClInclude>
    <ClInclude Include="Road.h">
      <Filter>Header Files\Entities\RoadNetwork</Filter>
    </ClInclude>
    <ClInclude Include="GenPoint.h">
      <Filter>Header Files\Entities\RoadNetwork\Nodes</Filter>
    </ClInclude>
    <ClInclude Include="RoadSlot.h">
      <Filter>Header Files\Utilites</Filter>
    </ClInclude>
    <ClInclude Include="Lane.h">
      <Filter>Header Files\Entities\RoadNetwork</Filter>
    </ClInclude>
    <ClInclude Include="Controller.h">
      <Filter>Header Files\Utilites</Filter>
    </ClInclude>
    <ClInclude Include="RoadNetwork.h">
      <Filter>Header Files\Entities\RoadNetwork</Filter>
    </ClInclude>
  </ItemGroup>
  <ItemGroup>
    <Image Include="..\..\..\..\..\Users\Maxim\Downloads\Asset 1.png">
      <Filter>Resource Files\Images\Cars</Filter>
    </Image>
    <Image Include="..\..\..\..\..\Users\Maxim\Downloads\Asset 2.png">
      <Filter>Resource Files\Images\Cars</Filter>
    </Image>
    <Image Include="..\..\..\..\..\Users\Maxim\Downloads\Asset 3.png">
      <Filter>Resource Files\Images\Cars</Filter>
    </Image>
    <Image Include="..\..\..\..\..\Users\Maxim\Downloads\Asset 4.png">
      <Filter>Resource Files\Images\Cars</Filter>
    </Image>
    <Image Include="..\..\..\..\..\Users\Maxim\Downloads\Asset 5.png">
      <Filter>Resource Files\Images\Cars</Filter>
    </Image>
  </ItemGroup>
  <ItemGroup>
    <ResourceCompile Include="CARs.rc">
      <Filter>Resource Files</Filter>
    </ResourceCompile>
  </ItemGroup>
</Project>